
Microsoft Visual Studio Solution File, Format Version 12.00
# Visual Studio Version 16
VisualStudioVersion = 25.0.1706.11
MinimumVisualStudioVersion = 10.0.40219.1
Project("{FAE04EC0-301F-11D3-BF4B-00C04F79EFBC}") = "ProxyFacade", "ProxyFacade\ProxyFacade.csproj", "{281F443F-F302-486D-BBEF-3ADF425C6B4E}"
EndProject
Project("{FAE04EC0-301F-11D3-BF4B-00C04F79EFBC}") = "LegacyMvc", "LegacyMvc\LegacyMvc.csproj", "{8A543D26-B654-4CDF-AFF5-149927903BE4}"
EndProject
Project("{FAE04EC0-301F-11D3-BF4B-00C04F79EFBC}") = "ModernMvc", "ModernMvc\ModernMvc.csproj", "{F7D7E571-E500-4F56-9AD4-F8D354DA29A2}"
EndProject
Global
	GlobalSection(SolutionConfigurationPlatforms) = preSolution
		Debug|Any CPU = Debug|Any CPU
		Release|Any CPU = Release|Any CPU
	EndGlobalSection
	GlobalSection(ProjectConfigurationPlatforms) = postSolution
		{281F443F-F302-486D-BBEF-3ADF425C6B4E}.Debug|Any CPU.ActiveCfg = Debug|Any CPU
		{281F443F-F302-486D-BBEF-3ADF425C6B4E}.Debug|Any CPU.Build.0 = Debug|Any CPU
		{281F443F-F302-486D-BBEF-3ADF425C6B4E}.Release|Any CPU.ActiveCfg = Release|Any CPU
		{281F443F-F302-486D-BBEF-3ADF425C6B4E}.Release|Any CPU.Build.0 = Release|Any CPU
		{8A543D26-B654-4CDF-AFF5-149927903BE4}.Debug|Any CPU.ActiveCfg = Debug|Any CPU
		{8A543D26-B654-4CDF-AFF5-149927903BE4}.Debug|Any CPU.Build.0 = Debug|Any CPU
		{8A543D26-B654-4CDF-AFF5-149927903BE4}.Release|Any CPU.ActiveCfg = Release|Any CPU
		{8A543D26-B654-4CDF-AFF5-149927903BE4}.Release|Any CPU.Build.0 = Release|Any CPU
		{F7D7E571-E500-4F56-9AD4-F8D354DA29A2}.Debug|Any CPU.ActiveCfg = Debug|Any CPU
		{F7D7E571-E500-4F56-9AD4-F8D354DA29A2}.Debug|Any CPU.Build.0 = Debug|Any CPU
		{F7D7E571-E500-4F56-9AD4-F8D354DA29A2}.Release|Any CPU.ActiveCfg = Release|Any CPU
		{F7D7E571-E500-4F56-9AD4-F8D354DA29A2}.Release|Any CPU.Build.0 = Release|Any CPU
	EndGlobalSection
	GlobalSection(SolutionProperties) = preSolution
		HideSolutionNode = FALSE
	EndGlobalSection
	GlobalSection(ExtensibilityGlobals) = postSolution
		SolutionGuid = {30B17653-627C-43BC-8E1D-D3F76D9EDDC1}
	EndGlobalSection
EndGlobal
